// !$*UTF8*$!
{
	archiveVersion = 1;
	classes = {
	};
	objectVersion = 50;
	objects = {

/* Begin PBXBuildFile section */
		FB17C4AA2190C88D00EA4F93 /* BucketList.xcdatamodeld in Sources */ = {isa = PBXBuildFile; fileRef = FB17C4A82190C88D00EA4F93 /* BucketList.xcdatamodeld */; };
		FB7D612B218B583B002225DC /* AppDelegate.swift in Sources */ = {isa = PBXBuildFile; fileRef = FB7D612A218B583B002225DC /* AppDelegate.swift */; };
		FB7D612D218B583B002225DC /* LandingVC.swift in Sources */ = {isa = PBXBuildFile; fileRef = FB7D612C218B583B002225DC /* LandingVC.swift */; };
		FB7D6130218B583B002225DC /* Main.storyboard in Resources */ = {isa = PBXBuildFile; fileRef = FB7D612E218B583B002225DC /* Main.storyboard */; };
		FB7D6132218B583B002225DC /* Assets.xcassets in Resources */ = {isa = PBXBuildFile; fileRef = FB7D6131218B583B002225DC /* Assets.xcassets */; };
		FB7D6135218B583B002225DC /* LaunchScreen.storyboard in Resources */ = {isa = PBXBuildFile; fileRef = FB7D6133218B583B002225DC /* LaunchScreen.storyboard */; };
		FB7D6140218B583B002225DC /* bucketListTests.swift in Sources */ = {isa = PBXBuildFile; fileRef = FB7D613F218B583B002225DC /* bucketListTests.swift */; };
		FB7D614B218B583B002225DC /* bucketListUITests.swift in Sources */ = {isa = PBXBuildFile; fileRef = FB7D614A218B583B002225DC /* bucketListUITests.swift */; };
		FB7D615E218B592E002225DC /* RoundedButton.swift in Sources */ = {isa = PBXBuildFile; fileRef = FB7D615D218B592E002225DC /* RoundedButton.swift */; };
		FB7D6160218B5B37002225DC /* Constants.swift in Sources */ = {isa = PBXBuildFile; fileRef = FB7D615F218B5B37002225DC /* Constants.swift */; };
		FB7D6162218B747C002225DC /* BucketListVC.swift in Sources */ = {isa = PBXBuildFile; fileRef = FB7D6161218B747C002225DC /* BucketListVC.swift */; };
		FB7D6164218B7666002225DC /* BucketCell.swift in Sources */ = {isa = PBXBuildFile; fileRef = FB7D6163218B7666002225DC /* BucketCell.swift */; };
		FB7D616A218B940D002225DC /* DataService.swift in Sources */ = {isa = PBXBuildFile; fileRef = FB7D6169218B940D002225DC /* DataService.swift */; };
		FB7D61F4218EB36F002225DC /* MissionVC.swift in Sources */ = {isa = PBXBuildFile; fileRef = FB7D61F3218EB36F002225DC /* MissionVC.swift */; };
/* End PBXBuildFile section */

/* Begin PBXContainerItemProxy section */
		FB7D613C218B583B002225DC /* PBXContainerItemProxy */ = {
			isa = PBXContainerItemProxy;
			containerPortal = FB7D611F218B583A002225DC /* Project object */;
			proxyType = 1;
			remoteGlobalIDString = FB7D6126218B583A002225DC;
			remoteInfo = bucketList;
		};
		FB7D6147218B583B002225DC /* PBXContainerItemProxy */ = {
			isa = PBXContainerItemProxy;
			containerPortal = FB7D611F218B583A002225DC /* Project object */;
			proxyType = 1;
			remoteGlobalIDString = FB7D6126218B583A002225DC;
			remoteInfo = bucketList;
		};
/* End PBXContainerItemProxy section */

/* Begin PBXFileReference section */
		FB17C4A92190C88D00EA4F93 /* BucketList.xcdatamodel */ = {isa = PBXFileReference; lastKnownFileType = wrapper.xcdatamodel; path = BucketList.xcdatamodel; sourceTree = "<group>"; };
		FB7D6127218B583B002225DC /* bucketList.app */ = {isa = PBXFileReference; explicitFileType = wrapper.application; includeInIndex = 0; path = bucketList.app; sourceTree = BUILT_PRODUCTS_DIR; };
		FB7D612A218B583B002225DC /* AppDelegate.swift */ = {isa = PBXFileReference; lastKnownFileType = sourcecode.swift; path = AppDelegate.swift; sourceTree = "<group>"; };
		FB7D612C218B583B002225DC /* LandingVC.swift */ = {isa = PBXFileReference; lastKnownFileType = sourcecode.swift; path = LandingVC.swift; sourceTree = "<group>"; };
		FB7D612F218B583B002225DC /* Base */ = {isa = PBXFileReference; lastKnownFileType = file.storyboard; name = Base; path = Base.lproj/Main.storyboard; sourceTree = "<group>"; };
		FB7D6131218B583B002225DC /* Assets.xcassets */ = {isa = PBXFileReference; lastKnownFileType = folder.assetcatalog; path = Assets.xcassets; sourceTree = "<group>"; };
		FB7D6134218B583B002225DC /* Base */ = {isa = PBXFileReference; lastKnownFileType = file.storyboard; name = Base; path = Base.lproj/LaunchScreen.storyboard; sourceTree = "<group>"; };
		FB7D6136218B583B002225DC /* Info.plist */ = {isa = PBXFileReference; lastKnownFileType = text.plist.xml; path = Info.plist; sourceTree = "<group>"; };
		FB7D613B218B583B002225DC /* bucketListTests.xctest */ = {isa = PBXFileReference; explicitFileType = wrapper.cfbundle; includeInIndex = 0; path = bucketListTests.xctest; sourceTree = BUILT_PRODUCTS_DIR; };
		FB7D613F218B583B002225DC /* bucketListTests.swift */ = {isa = PBXFileReference; lastKnownFileType = sourcecode.swift; path = bucketListTests.swift; sourceTree = "<group>"; };
		FB7D6141218B583B002225DC /* Info.plist */ = {isa = PBXFileReference; lastKnownFileType = text.plist.xml; path = Info.plist; sourceTree = "<group>"; };
		FB7D6146218B583B002225DC /* bucketListUITests.xctest */ = {isa = PBXFileReference; explicitFileType = wrapper.cfbundle; includeInIndex = 0; path = bucketListUITests.xctest; sourceTree = BUILT_PRODUCTS_DIR; };
		FB7D614A218B583B002225DC /* bucketListUITests.swift */ = {isa = PBXFileReference; lastKnownFileType = sourcecode.swift; path = bucketListUITests.swift; sourceTree = "<group>"; };
		FB7D614C218B583B002225DC /* Info.plist */ = {isa = PBXFileReference; lastKnownFileType = text.plist.xml; path = Info.plist; sourceTree = "<group>"; };
		FB7D615D218B592E002225DC /* RoundedButton.swift */ = {isa = PBXFileReference; lastKnownFileType = sourcecode.swift; path = RoundedButton.swift; sourceTree = "<group>"; };
		FB7D615F218B5B37002225DC /* Constants.swift */ = {isa = PBXFileReference; lastKnownFileType = sourcecode.swift; path = Constants.swift; sourceTree = "<group>"; };
		FB7D6161218B747C002225DC /* BucketListVC.swift */ = {isa = PBXFileReference; lastKnownFileType = sourcecode.swift; path = BucketListVC.swift; sourceTree = "<group>"; };
		FB7D6163218B7666002225DC /* BucketCell.swift */ = {isa = PBXFileReference; lastKnownFileType = sourcecode.swift; path = BucketCell.swift; sourceTree = "<group>"; };
		FB7D6169218B940D002225DC /* DataService.swift */ = {isa = PBXFileReference; lastKnownFileType = sourcecode.swift; path = DataService.swift; sourceTree = "<group>"; };
		FB7D61F3218EB36F002225DC /* MissionVC.swift */ = {isa = PBXFileReference; lastKnownFileType = sourcecode.swift; path = MissionVC.swift; sourceTree = "<group>"; };
/* End PBXFileReference section */

/* Begin PBXFrameworksBuildPhase section */
		FB7D6124218B583A002225DC /* Frameworks */ = {
			isa = PBXFrameworksBuildPhase;
			buildActionMask = 2147483647;
			files = (
			);
			runOnlyForDeploymentPostprocessing = 0;
		};
		FB7D6138218B583B002225DC /* Frameworks */ = {
			isa = PBXFrameworksBuildPhase;
			buildActionMask = 2147483647;
			files = (
			);
			runOnlyForDeploymentPostprocessing = 0;
		};
		FB7D6143218B583B002225DC /* Frameworks */ = {
			isa = PBXFrameworksBuildPhase;
			buildActionMask = 2147483647;
			files = (
			);
			runOnlyForDeploymentPostprocessing = 0;
		};
/* End PBXFrameworksBuildPhase section */

/* Begin PBXGroup section */
		FB7D611E218B583A002225DC = {
			isa = PBXGroup;
			children = (
				FB7D6129218B583B002225DC /* bucketList */,
				FB7D613E218B583B002225DC /* bucketListTests */,
				FB7D6149218B583B002225DC /* bucketListUITests */,
				FB7D6128218B583B002225DC /* Products */,
			);
			sourceTree = "<group>";
		};
		FB7D6128218B583B002225DC /* Products */ = {
			isa = PBXGroup;
			children = (
				FB7D6127218B583B002225DC /* bucketList.app */,
				FB7D613B218B583B002225DC /* bucketListTests.xctest */,
				FB7D6146218B583B002225DC /* bucketListUITests.xctest */,
			);
			name = Products;
			sourceTree = "<group>";
		};
		FB7D6129218B583B002225DC /* bucketList */ = {
			isa = PBXGroup;
			children = (
				FB7D6168218B93FE002225DC /* Services */,
				FB7D6165218B92B4002225DC /* Model */,
				FB7D6159218B5869002225DC /* Utilities */,
				FB7D615A218B586E002225DC /* View */,
				FB7D6158218B585B002225DC /* Controller */,
				FB7D612A218B583B002225DC /* AppDelegate.swift */,
				FB17C4A82190C88D00EA4F93 /* BucketList.xcdatamodeld */,
				FB7D612E218B583B002225DC /* Main.storyboard */,
				FB7D6131218B583B002225DC /* Assets.xcassets */,
				FB7D6133218B583B002225DC /* LaunchScreen.storyboard */,
				FB7D6136218B583B002225DC /* Info.plist */,
			);
			path = bucketList;
			sourceTree = "<group>";
		};
		FB7D613E218B583B002225DC /* bucketListTests */ = {
			isa = PBXGroup;
			children = (
				FB7D613F218B583B002225DC /* bucketListTests.swift */,
				FB7D6141218B583B002225DC /* Info.plist */,
			);
			path = bucketListTests;
			sourceTree = "<group>";
		};
		FB7D6149218B583B002225DC /* bucketListUITests */ = {
			isa = PBXGroup;
			children = (
				FB7D614A218B583B002225DC /* bucketListUITests.swift */,
				FB7D614C218B583B002225DC /* Info.plist */,
			);
			path = bucketListUITests;
			sourceTree = "<group>";
		};
		FB7D6158218B585B002225DC /* Controller */ = {
			isa = PBXGroup;
			children = (
				FB7D612C218B583B002225DC /* LandingVC.swift */,
				FB7D6161218B747C002225DC /* BucketListVC.swift */,
				FB7D61F3218EB36F002225DC /* MissionVC.swift */,
			);
			path = Controller;
			sourceTree = "<group>";
		};
		FB7D6159218B5869002225DC /* Utilities */ = {
			isa = PBXGroup;
			children = (
				FB7D615F218B5B37002225DC /* Constants.swift */,
			);
			path = Utilities;
			sourceTree = "<group>";
		};
		FB7D615A218B586E002225DC /* View */ = {
			isa = PBXGroup;
			children = (
				FB7D615D218B592E002225DC /* RoundedButton.swift */,
				FB7D6163218B7666002225DC /* BucketCell.swift */,
			);
			path = View;
			sourceTree = "<group>";
		};
		FB7D6165218B92B4002225DC /* Model */ = {
			isa = PBXGroup;
			children = (
			);
			path = Model;
			sourceTree = "<group>";
		};
		FB7D6168218B93FE002225DC /* Services */ = {
			isa = PBXGroup;
			children = (
				FB7D6169218B940D002225DC /* DataService.swift */,
			);
			path = Services;
			sourceTree = "<group>";
		};
/* End PBXGroup section */

/* Begin PBXNativeTarget section */
		FB7D6126218B583A002225DC /* bucketList */ = {
			isa = PBXNativeTarget;
			buildConfigurationList = FB7D614F218B583B002225DC /* Build configuration list for PBXNativeTarget "bucketList" */;
			buildPhases = (
				FB7D6123218B583A002225DC /* Sources */,
				FB7D6124218B583A002225DC /* Frameworks */,
				FB7D6125218B583A002225DC /* Resources */,
			);
			buildRules = (
			);
			dependencies = (
			);
			name = bucketList;
			productName = bucketList;
			productReference = FB7D6127218B583B002225DC /* bucketList.app */;
			productType = "com.apple.product-type.application";
		};
		FB7D613A218B583B002225DC /* bucketListTests */ = {
			isa = PBXNativeTarget;
			buildConfigurationList = FB7D6152218B583B002225DC /* Build configuration list for PBXNativeTarget "bucketListTests" */;
			buildPhases = (
				FB7D6137218B583B002225DC /* Sources */,
				FB7D6138218B583B002225DC /* Frameworks */,
				FB7D6139218B583B002225DC /* Resources */,
			);
			buildRules = (
			);
			dependencies = (
				FB7D613D218B583B002225DC /* PBXTargetDependency */,
			);
			name = bucketListTests;
			productName = bucketListTests;
			productReference = FB7D613B218B583B002225DC /* bucketListTests.xctest */;
			productType = "com.apple.product-type.bundle.unit-test";
		};
		FB7D6145218B583B002225DC /* bucketListUITests */ = {
			isa = PBXNativeTarget;
			buildConfigurationList = FB7D6155218B583B002225DC /* Build configuration list for PBXNativeTarget "bucketListUITests" */;
			buildPhases = (
				FB7D6142218B583B002225DC /* Sources */,
				FB7D6143218B583B002225DC /* Frameworks */,
				FB7D6144218B583B002225DC /* Resources */,
			);
			buildRules = (
			);
			dependencies = (
				FB7D6148218B583B002225DC /* PBXTargetDependency */,
			);
			name = bucketListUITests;
			productName = bucketListUITests;
			productReference = FB7D6146218B583B002225DC /* bucketListUITests.xctest */;
			productType = "com.apple.product-type.bundle.ui-testing";
		};
/* End PBXNativeTarget section */

/* Begin PBXProject section */
		FB7D611F218B583A002225DC /* Project object */ = {
			isa = PBXProject;
			attributes = {
				LastSwiftUpdateCheck = 1000;
				LastUpgradeCheck = 1000;
				ORGANIZATIONNAME = "Gurpal Bhoot";
				TargetAttributes = {
					FB7D6126218B583A002225DC = {
						CreatedOnToolsVersion = 10.0;
					};
					FB7D613A218B583B002225DC = {
						CreatedOnToolsVersion = 10.0;
						TestTargetID = FB7D6126218B583A002225DC;
					};
					FB7D6145218B583B002225DC = {
						CreatedOnToolsVersion = 10.0;
						TestTargetID = FB7D6126218B583A002225DC;
					};
				};
			};
			buildConfigurationList = FB7D6122218B583A002225DC /* Build configuration list for PBXProject "bucketList" */;
			compatibilityVersion = "Xcode 9.3";
			developmentRegion = en;
			hasScannedForEncodings = 0;
			knownRegions = (
				en,
				Base,
			);
			mainGroup = FB7D611E218B583A002225DC;
			productRefGroup = FB7D6128218B583B002225DC /* Products */;
			projectDirPath = "";
			projectRoot = "";
			targets = (
				FB7D6126218B583A002225DC /* bucketList */,
				FB7D613A218B583B002225DC /* bucketListTests */,
				FB7D6145218B583B002225DC /* bucketListUITests */,
			);
		};
/* End PBXProject section */

/* Begin PBXResourcesBuildPhase section */
		FB7D6125218B583A002225DC /* Resources */ = {
			isa = PBXResourcesBuildPhase;
			buildActionMask = 2147483647;
			files = (
				FB7D6135218B583B002225DC /* LaunchScreen.storyboard in Resources */,
				FB7D6132218B583B002225DC /* Assets.xcassets in Resources */,
				FB7D6130218B583B002225DC /* Main.storyboard in Resources */,
			);
			runOnlyForDeploymentPostprocessing = 0;
		};
		FB7D6139218B583B002225DC /* Resources */ = {
			isa = PBXResourcesBuildPhase;
			buildActionMask = 2147483647;
			files = (
			);
			runOnlyForDeploymentPostprocessing = 0;
		};
		FB7D6144218B583B002225DC /* Resources */ = {
			isa = PBXResourcesBuildPhase;
			buildActionMask = 2147483647;
			files = (
			);
			runOnlyForDeploymentPostprocessing = 0;
		};
/* End PBXResourcesBuildPhase section */

/* Begin PBXSourcesBuildPhase section */
		FB7D6123218B583A002225DC /* Sources */ = {
			isa = PBXSourcesBuildPhase;
			buildActionMask = 2147483647;
			files = (
				FB7D6162218B747C002225DC /* BucketListVC.swift in Sources */,
				FB7D6164218B7666002225DC /* BucketCell.swift in Sources */,
				FB7D61F4218EB36F002225DC /* MissionVC.swift in Sources */,
				FB7D612D218B583B002225DC /* LandingVC.swift in Sources */,
				FB7D615E218B592E002225DC /* RoundedButton.swift in Sources */,
				FB7D612B218B583B002225DC /* AppDelegate.swift in Sources */,
				FB17C4AA2190C88D00EA4F93 /* BucketList.xcdatamodeld in Sources */,
				FB7D6160218B5B37002225DC /* Constants.swift in Sources */,
				FB7D616A218B940D002225DC /* DataService.swift in Sources */,
			);
			runOnlyForDeploymentPostprocessing = 0;
		};
		FB7D6137218B583B002225DC /* Sources */ = {
			isa = PBXSourcesBuildPhase;
			buildActionMask = 2147483647;
			files = (
				FB7D6140218B583B002225DC /* bucketListTests.swift in Sources */,
			);
			runOnlyForDeploymentPostprocessing = 0;
		};
		FB7D6142218B583B002225DC /* Sources */ = {
			isa = PBXSourcesBuildPhase;
			buildActionMask = 2147483647;
			files = (
				FB7D614B218B583B002225DC /* bucketListUITests.swift in Sources */,
			);
			runOnlyForDeploymentPostprocessing = 0;
		};
/* End PBXSourcesBuildPhase section */

/* Begin PBXTargetDependency section */
		FB7D613D218B583B002225DC /* PBXTargetDependency */ = {
			isa = PBXTargetDependency;
			target = FB7D6126218B583A002225DC /* bucketList */;
			targetProxy = FB7D613C218B583B002225DC /* PBXContainerItemProxy */;
		};
		FB7D6148218B583B002225DC /* PBXTargetDependency */ = {
			isa = PBXTargetDependency;
			target = FB7D6126218B583A002225DC /* bucketList */;
			targetProxy = FB7D6147218B583B002225DC /* PBXContainerItemProxy */;
		};
/* End PBXTargetDependency section */

/* Begin PBXVariantGroup section */
		FB7D612E218B583B002225DC /* Main.storyboard */ = {
			isa = PBXVariantGroup;
			children = (
				FB7D612F218B583B002225DC /* Base */,
			);
			name = Main.storyboard;
			sourceTree = "<group>";
		};
		FB7D6133218B583B002225DC /* LaunchScreen.storyboard */ = {
			isa = PBXVariantGroup;
			children = (
				FB7D6134218B583B002225DC /* Base */,
			);
			name = LaunchScreen.storyboard;
			sourceTree = "<group>";
		};
/* End PBXVariantGroup section */

/* Begin XCBuildConfiguration section */
		FB7D614D218B583B002225DC /* Debug */ = {
			isa = XCBuildConfiguration;
			buildSettings = {
				ALWAYS_SEARCH_USER_PATHS = NO;
				CLANG_ANALYZER_NONNULL = YES;
				CLANG_ANALYZER_NUMBER_OBJECT_CONVERSION = YES_AGGRESSIVE;
				CLANG_CXX_LANGUAGE_STANDARD = "gnu++14";
				CLANG_CXX_LIBRARY = "libc++";
				CLANG_ENABLE_MODULES = YES;
				CLANG_ENABLE_OBJC_ARC = YES;
				CLANG_ENABLE_OBJC_WEAK = YES;
				CLANG_WARN_BLOCK_CAPTURE_AUTORELEASING = YES;
				CLANG_WARN_BOOL_CONVERSION = YES;
				CLANG_WARN_COMMA = YES;
				CLANG_WARN_CONSTANT_CONVERSION = YES;
				CLANG_WARN_DEPRECATED_OBJC_IMPLEMENTATIONS = YES;
				CLANG_WARN_DIRECT_OBJC_ISA_USAGE = YES_ERROR;
				CLANG_WARN_DOCUMENTATION_COMMENTS = YES;
				CLANG_WARN_EMPTY_BODY = YES;
				CLANG_WARN_ENUM_CONVERSION = YES;
				CLANG_WARN_INFINITE_RECURSION = YES;
				CLANG_WARN_INT_CONVERSION = YES;
				CLANG_WARN_NON_LITERAL_NULL_CONVERSION = YES;
				CLANG_WARN_OBJC_IMPLICIT_RETAIN_SELF = YES;
				CLANG_WARN_OBJC_LITERAL_CONVERSION = YES;
				CLANG_WARN_OBJC_ROOT_CLASS = YES_ERROR;
				CLANG_WARN_RANGE_LOOP_ANALYSIS = YES;
				CLANG_WARN_STRICT_PROTOTYPES = YES;
				CLANG_WARN_SUSPICIOUS_MOVE = YES;
				CLANG_WARN_UNGUARDED_AVAILABILITY = YES_AGGRESSIVE;
				CLANG_WARN_UNREACHABLE_CODE = YES;
				CLANG_WARN__DUPLICATE_METHOD_MATCH = YES;
				CODE_SIGN_IDENTITY = "iPhone Developer";
				COPY_PHASE_STRIP = NO;
				DEBUG_INFORMATION_FORMAT = dwarf;
				ENABLE_STRICT_OBJC_MSGSEND = YES;
				ENABLE_TESTABILITY = YES;
				GCC_C_LANGUAGE_STANDARD = gnu11;
				GCC_DYNAMIC_NO_PIC = NO;
				GCC_NO_COMMON_BLOCKS = YES;
				GCC_OPTIMIZATION_LEVEL = 0;
				GCC_PREPROCESSOR_DEFINITIONS = (
					"DEBUG=1",
					"$(inherited)",
				);
				GCC_WARN_64_TO_32_BIT_CONVERSION = YES;
				GCC_WARN_ABOUT_RETURN_TYPE = YES_ERROR;
				GCC_WARN_UNDECLARED_SELECTOR = YES;
				GCC_WARN_UNINITIALIZED_AUTOS = YES_AGGRESSIVE;
				GCC_WARN_UNUSED_FUNCTION = YES;
				GCC_WARN_UNUSED_VARIABLE = YES;
				IPHONEOS_DEPLOYMENT_TARGET = 12.0;
				MTL_ENABLE_DEBUG_INFO = INCLUDE_SOURCE;
				MTL_FAST_MATH = YES;
				ONLY_ACTIVE_ARCH = YES;
				SDKROOT = iphoneos;
				SWIFT_ACTIVE_COMPILATION_CONDITIONS = DEBUG;
				SWIFT_OPTIMIZATION_LEVEL = "-Onone";
			};
			name = Debug;
		};
		FB7D614E218B583B002225DC /* Release */ = {
			isa = XCBuildConfiguration;
			buildSettings = {
				ALWAYS_SEARCH_USER_PATHS = NO;
				CLANG_ANALYZER_NONNULL = YES;
				CLANG_ANALYZER_NUMBER_OBJECT_CONVERSION = YES_AGGRESSIVE;
				CLANG_CXX_LANGUAGE_STANDARD = "gnu++14";
				CLANG_CXX_LIBRARY = "libc++";
				CLANG_ENABLE_MODULES = YES;
				CLANG_ENABLE_OBJC_ARC = YES;
				CLANG_ENABLE_OBJC_WEAK = YES;
				CLANG_WARN_BLOCK_CAPTURE_AUTORELEASING = YES;
				CLANG_WARN_BOOL_CONVERSION = YES;
				CLANG_WARN_COMMA = YES;
				CLANG_WARN_CONSTANT_CONVERSION = YES;
				CLANG_WARN_DEPRECATED_OBJC_IMPLEMENTATIONS = YES;
				CLANG_WARN_DIRECT_OBJC_ISA_USAGE = YES_ERROR;
				CLANG_WARN_DOCUMENTATION_COMMENTS = YES;
				CLANG_WARN_EMPTY_BODY = YES;
				CLANG_WARN_ENUM_CONVERSION = YES;
				CLANG_WARN_INFINITE_RECURSION = YES;
				CLANG_WARN_INT_CONVERSION = YES;
				CLANG_WARN_NON_LITERAL_NULL_CONVERSION = YES;
				CLANG_WARN_OBJC_IMPLICIT_RETAIN_SELF = YES;
				CLANG_WARN_OBJC_LITERAL_CONVERSION = YES;
				CLANG_WARN_OBJC_ROOT_CLASS = YES_ERROR;
				CLANG_WARN_RANGE_LOOP_ANALYSIS = YES;
				CLANG_WARN_STRICT_PROTOTYPES = YES;
				CLANG_WARN_SUSPICIOUS_MOVE = YES;
				CLANG_WARN_UNGUARDED_AVAILABILITY = YES_AGGRESSIVE;
				CLANG_WARN_UNREACHABLE_CODE = YES;
				CLANG_WARN__DUPLICATE_METHOD_MATCH = YES;
				CODE_SIGN_IDENTITY = "iPhone Developer";
				COPY_PHASE_STRIP = NO;
				DEBUG_INFORMATION_FORMAT = "dwarf-with-dsym";
				ENABLE_NS_ASSERTIONS = NO;
				ENABLE_STRICT_OBJC_MSGSEND = YES;
				GCC_C_LANGUAGE_STANDARD = gnu11;
				GCC_NO_COMMON_BLOCKS = YES;
				GCC_WARN_64_TO_32_BIT_CONVERSION = YES;
				GCC_WARN_ABOUT_RETURN_TYPE = YES_ERROR;
				GCC_WARN_UNDECLARED_SELECTOR = YES;
				GCC_WARN_UNINITIALIZED_AUTOS = YES_AGGRESSIVE;
				GCC_WARN_UNUSED_FUNCTION = YES;
				GCC_WARN_UNUSED_VARIABLE = YES;
				IPHONEOS_DEPLOYMENT_TARGET = 12.0;
				MTL_ENABLE_DEBUG_INFO = NO;
				MTL_FAST_MATH = YES;
				SDKROOT = iphoneos;
				SWIFT_COMPILATION_MODE = wholemodule;
				SWIFT_OPTIMIZATION_LEVEL = "-O";
				VALIDATE_PRODUCT = YES;
			};
			name = Release;
		};
		FB7D6150218B583B002225DC /* Debug */ = {
			isa = XCBuildConfiguration;
			buildSettings = {
				ASSETCATALOG_COMPILER_APPICON_NAME = AppIcon;
				CODE_SIGN_STYLE = Automatic;
				DEVELOPMENT_TEAM = J3CA5JK947;
				INFOPLIST_FILE = bucketList/Info.plist;
				LD_RUNPATH_SEARCH_PATHS = (
					"$(inherited)",
					"@executable_path/Frameworks",
				);
				PRODUCT_BUNDLE_IDENTIFIER = gbhoot.bucketList;
				PRODUCT_NAME = "$(TARGET_NAME)";
				SWIFT_VERSION = 4.2;
				TARGETED_DEVICE_FAMILY = "1,2";
			};
			name = Debug;
		};
		FB7D6151218B583B002225DC /* Release */ = {
			isa = XCBuildConfiguration;
			buildSettings = {
				ASSETCATALOG_COMPILER_APPICON_NAME = AppIcon;
				CODE_SIGN_STYLE = Automatic;
				DEVELOPMENT_TEAM = J3CA5JK947;
				INFOPLIST_FILE = bucketList/Info.plist;
				LD_RUNPATH_SEARCH_PATHS = (
					"$(inherited)",
					"@executable_path/Frameworks",
				);
				PRODUCT_BUNDLE_IDENTIFIER = gbhoot.bucketList;
				PRODUCT_NAME = "$(TARGET_NAME)";
				SWIFT_VERSION = 4.2;
				TARGETED_DEVICE_FAMILY = "1,2";
			};
			name = Release;
		};
		FB7D6153218B583B002225DC /* Debug */ = {
			isa = XCBuildConfiguration;
			buildSettings = {
				ALWAYS_EMBED_SWIFT_STANDARD_LIBRARIES = YES;
				BUNDLE_LOADER = "$(TEST_HOST)";
				CODE_SIGN_STYLE = Automatic;
				DEVELOPMENT_TEAM = J3CA5JK947;
				INFOPLIST_FILE = bucketListTests/Info.plist;
				LD_RUNPATH_SEARCH_PATHS = (
					"$(inherited)",
					"@executable_path/Frameworks",
					"@loader_path/Frameworks",
				);
				PRODUCT_BUNDLE_IDENTIFIER = gbhoot.bucketListTests;
				PRODUCT_NAME = "$(TARGET_NAME)";
				SWIFT_VERSION = 4.2;
				TARGETED_DEVICE_FAMILY = "1,2";
				TEST_HOST = "$(BUILT_PRODUCTS_DIR)/bucketList.app/bucketList";
			};
			name = Debug;
		};
		FB7D6154218B583B002225DC /* Release */ = {
			isa = XCBuildConfiguration;
			buildSettings = {
				ALWAYS_EMBED_SWIFT_STANDARD_LIBRARIES = YES;
				BUNDLE_LOADER = "$(TEST_HOST)";
				CODE_SIGN_STYLE = Automatic;
				DEVELOPMENT_TEAM = J3CA5JK947;
				INFOPLIST_FILE = bucketListTests/Info.plist;
				LD_RUNPATH_SEARCH_PATHS = (
					"$(inherited)",
					"@executable_path/Frameworks",
					"@loader_path/Frameworks",
				);
				PRODUCT_BUNDLE_IDENTIFIER = gbhoot.bucketListTests;
				PRODUCT_NAME = "$(TARGET_NAME)";
				SWIFT_VERSION = 4.2;
				TARGETED_DEVICE_FAMILY = "1,2";
				TEST_HOST = "$(BUILT_PRODUCTS_DIR)/bucketList.app/bucketList";
			};
			name = Release;
		};
		FB7D6156218B583B002225DC /* Debug */ = {
			isa = XCBuildConfiguration;
			buildSettings = {
				ALWAYS_EMBED_SWIFT_STANDARD_LIBRARIES = YES;
				CODE_SIGN_STYLE = Automatic;
				DEVELOPMENT_TEAM = J3CA5JK947;
				INFOPLIST_FILE = bucketListUITests/Info.plist;
				LD_RUNPATH_SEARCH_PATHS = (
					"$(inherited)",
					"@executable_path/Frameworks",
					"@loader_path/Frameworks",
				);
				PRODUCT_BUNDLE_IDENTIFIER = gbhoot.bucketListUITests;
				PRODUCT_NAME = "$(TARGET_NAME)";
				SWIFT_VERSION = 4.2;
				TARGETED_DEVICE_FAMILY = "1,2";
				TEST_TARGET_NAME = bucketList;
			};
			name = Debug;
		};
		FB7D6157218B583B002225DC /* Release */ = {
			isa = XCBuildConfiguration;
			buildSettings = {
				ALWAYS_EMBED_SWIFT_STANDARD_LIBRARIES = YES;
				CODE_SIGN_STYLE = Automatic;
				DEVELOPMENT_TEAM = J3CA5JK947;
				INFOPLIST_FILE = bucketListUITests/Info.plist;
				LD_RUNPATH_SEARCH_PATHS = (
					"$(inherited)",
					"@executable_path/Frameworks",
					"@loader_path/Frameworks",
				);
				PRODUCT_BUNDLE_IDENTIFIER = gbhoot.bucketListUITests;
				PRODUCT_NAME = "$(TARGET_NAME)";
				SWIFT_VERSION = 4.2;
				TARGETED_DEVICE_FAMILY = "1,2";
				TEST_TARGET_NAME = bucketList;
			};
			name = Release;
		};
/* End XCBuildConfiguration section */

/* Begin XCConfigurationList section */
		FB7D6122218B583A002225DC /* Build configuration list for PBXProject "bucketList" */ = {
			isa = XCConfigurationList;
			buildConfigurations = (
				FB7D614D218B583B002225DC /* Debug */,
				FB7D614E218B583B002225DC /* Release */,
			);
			defaultConfigurationIsVisible = 0;
			defaultConfigurationName = Release;
		};
		FB7D614F218B583B002225DC /* Build configuration list for PBXNativeTarget "bucketList" */ = {
			isa = XCConfigurationList;
			buildConfigurations = (
				FB7D6150218B583B002225DC /* Debug */,
				FB7D6151218B583B002225DC /* Release */,
			);
			defaultConfigurationIsVisible = 0;
			defaultConfigurationName = Release;
		};
		FB7D6152218B583B002225DC /* Build configuration list for PBXNativeTarget "bucketListTests" */ = {
			isa = XCConfigurationList;
			buildConfigurations = (
				FB7D6153218B583B002225DC /* Debug */,
				FB7D6154218B583B002225DC /* Release */,
			);
			defaultConfigurationIsVisible = 0;
			defaultConfigurationName = Release;
		};
		FB7D6155218B583B002225DC /* Build configuration list for PBXNativeTarget "bucketListUITests" */ = {
			isa = XCConfigurationList;
			buildConfigurations = (
				FB7D6156218B583B002225DC /* Debug */,
				FB7D6157218B583B002225DC /* Release */,
			);
			defaultConfigurationIsVisible = 0;
			defaultConfigurationName = Release;
		};
/* End XCConfigurationList section */

/* Begin XCVersionGroup section */
		FB17C4A82190C88D00EA4F93 /* BucketList.xcdatamodeld */ = {
			isa = XCVersionGroup;
			children = (
				FB17C4A92190C88D00EA4F93 /* BucketList.xcdatamodel */,
			);
			currentVersion = FB17C4A92190C88D00EA4F93 /* BucketList.xcdatamodel */;
			path = BucketList.xcdatamodeld;
			sourceTree = "<group>";
			versionGroupType = wrapper.xcdatamodel;
		};
/* End XCVersionGroup section */
	};
	rootObject = FB7D611F218B583A002225DC /* Project object */;
}
